github.com/hypebeast/go-osc v0.0.0-20220308234300-cec5a8a1e5f5 h1:fqwINudmUrvGCuw+e3tedZ2UJ0hklSw6t8UPomctKyQ=
github.com/hypebeast/go-osc v0.0.0-20220308234300-cec5a8a1e5f5/go.mod h1:lqMjoCs0y0GoRRujSPZRBaGb4c5ER6TfkFKSClxkMbY=
gitlab.com/gomidi/midi/v2 v2.2.19 h1:/Ktpf21SIOX61gg8PJ7wYLSsD+dOU1e3z3tlO9OS+Zs=
gitlab.com/gomidi/midi/v2 v2.2.19/go.mod h1:ENtYaJPOwb2N+y7ihv/L7R4GtWjbknouhIIkMrJ5C0g=
